
Microsoft Visual Studio Solution File, Format Version 12.00
# Visual Studio Version 16
VisualStudioVersion = 16.0.29613.14
MinimumVisualStudioVersion = 10.0.40219.1
Project("{9A19103F-16F7-4668-BE54-9A1E7A4F7556}") = "InfoSum", "InfoSum\InfoSum.csproj", "{22D43972-2219-4C1C-BC16-A6F04B1CF185}"
EndProject
Project("{FAE04EC0-301F-11D3-BF4B-00C04F79EFBC}") = "InfoSum.Test", "InfoSum.Test\InfoSum.Test.csproj", "{1D3B807A-1E60-4E2A-8672-715E15C24105}"
EndProject
Global
	GlobalSection(SolutionConfigurationPlatforms) = preSolution
		Debug|Any CPU = Debug|Any CPU
		Release|Any CPU = Release|Any CPU
	EndGlobalSection
	GlobalSection(ProjectConfigurationPlatforms) = postSolution
		{22D43972-2219-4C1C-BC16-A6F04B1CF185}.Debug|Any CPU.ActiveCfg = Debug|Any CPU
		{22D43972-2219-4C1C-BC16-A6F04B1CF185}.Debug|Any CPU.Build.0 = Debug|Any CPU
		{22D43972-2219-4C1C-BC16-A6F04B1CF185}.Release|Any CPU.ActiveCfg = Release|Any CPU
		{22D43972-2219-4C1C-BC16-A6F04B1CF185}.Release|Any CPU.Build.0 = Release|Any CPU
		{1D3B807A-1E60-4E2A-8672-715E15C24105}.Debug|Any CPU.ActiveCfg = Debug|Any CPU
		{1D3B807A-1E60-4E2A-8672-715E15C24105}.Debug|Any CPU.Build.0 = Debug|Any CPU
		{1D3B807A-1E60-4E2A-8672-715E15C24105}.Release|Any CPU.ActiveCfg = Release|Any CPU
		{1D3B807A-1E60-4E2A-8672-715E15C24105}.Release|Any CPU.Build.0 = Release|Any CPU
	EndGlobalSection
	GlobalSection(SolutionProperties) = preSolution
		HideSolutionNode = FALSE
	EndGlobalSection
	GlobalSection(ExtensibilityGlobals) = postSolution
		SolutionGuid = {90FE240D-A660-4969-B111-EAB5EBFFFAEF}
	EndGlobalSection
EndGlobal
